
Microsoft Visual Studio Solution File, Format Version 12.00
# Visual Studio Version 17
VisualStudioVersion = 17.11.35327.3
MinimumVisualStudioVersion = 10.0.40219.1
Project("{FAE04EC0-301F-11D3-BF4B-00C04F79EFBC}") = "PresenceVizualizer", "PresenceVizualizer\PresenceVizualizer.csproj", "{2D705757-284C-442E-8101-8FA979AAE69C}"
EndProject
Global
	GlobalSection(SolutionConfigurationPlatforms) = preSolution
		Debug|Any CPU = Debug|Any CPU
		Release|Any CPU = Release|Any CPU
	EndGlobalSection
	GlobalSection(ProjectConfigurationPlatforms) = postSolution
		{2D705757-284C-442E-8101-8FA979AAE69C}.Debug|Any CPU.ActiveCfg = Debug|Any CPU
		{2D705757-284C-442E-8101-8FA979AAE69C}.Debug|Any CPU.Build.0 = Debug|Any CPU
		{2D705757-284C-442E-8101-8FA979AAE69C}.Debug|Any CPU.Deploy.0 = Debug|Any CPU
		{2D705757-284C-442E-8101-8FA979AAE69C}.Release|Any CPU.ActiveCfg = Release|Any CPU
		{2D705757-284C-442E-8101-8FA979AAE69C}.Release|Any CPU.Build.0 = Release|Any CPU
		{2D705757-284C-442E-8101-8FA979AAE69C}.Release|Any CPU.Deploy.0 = Release|Any CPU
	EndGlobalSection
	GlobalSection(SolutionProperties) = preSolution
		HideSolutionNode = FALSE
	EndGlobalSection
	GlobalSection(ExtensibilityGlobals) = postSolution
		SolutionGuid = {763E3332-6435-400C-95AC-EF8AEE00097C}
	EndGlobalSection
EndGlobal
